
Microsoft Visual Studio Solution File, Format Version 12.00
# Visual Studio 15
Project("{FAE04EC0-301F-11D3-BF4B-00C04F79EFBC}") = "camara.Android", "camara.Android\camara.Android.csproj", "{7634E237-1D28-4ED3-A292-0071FF626E4F}"
EndProject
Project("{FAE04EC0-301F-11D3-BF4B-00C04F79EFBC}") = "camara.iOS", "camara.iOS\camara.iOS.csproj", "{1331BA66-101E-436C-8A63-95A5965D95FA}"
EndProject
Project("{FAE04EC0-301F-11D3-BF4B-00C04F79EFBC}") = "camara.UITests", "camara.UITests\camara.UITests.csproj", "{B19C892E-2628-4CA7-AD27-08D406A3B14B}"
EndProject
Project("{D954291E-2A0B-460D-934E-DC6B0785DB48}") = "camara", "camara\camara.shproj", "{07D7356A-ED44-4C27-AA82-1502E2484A44}"
EndProject
Global
	GlobalSection(SolutionConfigurationPlatforms) = preSolution
		Debug|Any CPU = Debug|Any CPU
		Release|Any CPU = Release|Any CPU
		Debug|iPhoneSimulator = Debug|iPhoneSimulator
		Release|iPhoneSimulator = Release|iPhoneSimulator
		Debug|iPhone = Debug|iPhone
		Release|iPhone = Release|iPhone
		Ad-Hoc|iPhone = Ad-Hoc|iPhone
		AppStore|iPhone = AppStore|iPhone
	EndGlobalSection
	GlobalSection(ProjectConfigurationPlatforms) = postSolution
		{7634E237-1D28-4ED3-A292-0071FF626E4F}.Debug|Any CPU.ActiveCfg = Debug|Any CPU
		{7634E237-1D28-4ED3-A292-0071FF626E4F}.Debug|Any CPU.Build.0 = Debug|Any CPU
		{7634E237-1D28-4ED3-A292-0071FF626E4F}.Release|Any CPU.ActiveCfg = Release|Any CPU
		{7634E237-1D28-4ED3-A292-0071FF626E4F}.Release|Any CPU.Build.0 = Release|Any CPU
		{7634E237-1D28-4ED3-A292-0071FF626E4F}.Debug|iPhoneSimulator.ActiveCfg = Debug|Any CPU
		{7634E237-1D28-4ED3-A292-0071FF626E4F}.Debug|iPhoneSimulator.Build.0 = Debug|Any CPU
		{7634E237-1D28-4ED3-A292-0071FF626E4F}.Release|iPhoneSimulator.ActiveCfg = Release|Any CPU
		{7634E237-1D28-4ED3-A292-0071FF626E4F}.Release|iPhoneSimulator.Build.0 = Release|Any CPU
		{7634E237-1D28-4ED3-A292-0071FF626E4F}.Debug|iPhone.ActiveCfg = Debug|Any CPU
		{7634E237-1D28-4ED3-A292-0071FF626E4F}.Debug|iPhone.Build.0 = Debug|Any CPU
		{7634E237-1D28-4ED3-A292-0071FF626E4F}.Release|iPhone.ActiveCfg = Release|Any CPU
		{7634E237-1D28-4ED3-A292-0071FF626E4F}.Release|iPhone.Build.0 = Release|Any CPU
		{7634E237-1D28-4ED3-A292-0071FF626E4F}.Ad-Hoc|iPhone.ActiveCfg = Debug|Any CPU
		{7634E237-1D28-4ED3-A292-0071FF626E4F}.Ad-Hoc|iPhone.Build.0 = Debug|Any CPU
		{7634E237-1D28-4ED3-A292-0071FF626E4F}.AppStore|iPhone.ActiveCfg = Debug|Any CPU
		{7634E237-1D28-4ED3-A292-0071FF626E4F}.AppStore|iPhone.Build.0 = Debug|Any CPU
		{1331BA66-101E-436C-8A63-95A5965D95FA}.Debug|Any CPU.ActiveCfg = Debug|iPhoneSimulator
		{1331BA66-101E-436C-8A63-95A5965D95FA}.Debug|Any CPU.Build.0 = Debug|iPhoneSimulator
		{1331BA66-101E-436C-8A63-95A5965D95FA}.Release|Any CPU.ActiveCfg = Release|iPhoneSimulator
		{1331BA66-101E-436C-8A63-95A5965D95FA}.Release|Any CPU.Build.0 = Release|iPhoneSimulator
		{1331BA66-101E-436C-8A63-95A5965D95FA}.Debug|iPhoneSimulator.ActiveCfg = Debug|iPhoneSimulator
		{1331BA66-101E-436C-8A63-95A5965D95FA}.Debug|iPhoneSimulator.Build.0 = Debug|iPhoneSimulator
		{1331BA66-101E-436C-8A63-95A5965D95FA}.Release|iPhoneSimulator.ActiveCfg = Release|iPhoneSimulator
		{1331BA66-101E-436C-8A63-95A5965D95FA}.Release|iPhoneSimulator.Build.0 = Release|iPhoneSimulator
		{1331BA66-101E-436C-8A63-95A5965D95FA}.Debug|iPhone.ActiveCfg = Debug|iPhone
		{1331BA66-101E-436C-8A63-95A5965D95FA}.Debug|iPhone.Build.0 = Debug|iPhone
		{1331BA66-101E-436C-8A63-95A5965D95FA}.Release|iPhone.ActiveCfg = Release|iPhone
		{1331BA66-101E-436C-8A63-95A5965D95FA}.Release|iPhone.Build.0 = Release|iPhone
		{1331BA66-101E-436C-8A63-95A5965D95FA}.Ad-Hoc|iPhone.ActiveCfg = Ad-Hoc|iPhone
		{1331BA66-101E-436C-8A63-95A5965D95FA}.Ad-Hoc|iPhone.Build.0 = Ad-Hoc|iPhone
		{1331BA66-101E-436C-8A63-95A5965D95FA}.AppStore|iPhone.ActiveCfg = AppStore|iPhone
		{1331BA66-101E-436C-8A63-95A5965D95FA}.AppStore|iPhone.Build.0 = AppStore|iPhone
		{B19C892E-2628-4CA7-AD27-08D406A3B14B}.Debug|Any CPU.ActiveCfg = Debug|Any CPU
		{B19C892E-2628-4CA7-AD27-08D406A3B14B}.Debug|Any CPU.Build.0 = Debug|Any CPU
		{B19C892E-2628-4CA7-AD27-08D406A3B14B}.Release|Any CPU.ActiveCfg = Release|Any CPU
		{B19C892E-2628-4CA7-AD27-08D406A3B14B}.Release|Any CPU.Build.0 = Release|Any CPU
		{B19C892E-2628-4CA7-AD27-08D406A3B14B}.Debug|iPhoneSimulator.ActiveCfg = Debug|Any CPU
		{B19C892E-2628-4CA7-AD27-08D406A3B14B}.Debug|iPhoneSimulator.Build.0 = Debug|Any CPU
		{B19C892E-2628-4CA7-AD27-08D406A3B14B}.Release|iPhoneSimulator.ActiveCfg = Release|Any CPU
		{B19C892E-2628-4CA7-AD27-08D406A3B14B}.Release|iPhoneSimulator.Build.0 = Release|Any CPU
		{B19C892E-2628-4CA7-AD27-08D406A3B14B}.Debug|iPhone.ActiveCfg = Debug|Any CPU
		{B19C892E-2628-4CA7-AD27-08D406A3B14B}.Debug|iPhone.Build.0 = Debug|Any CPU
		{B19C892E-2628-4CA7-AD27-08D406A3B14B}.Release|iPhone.ActiveCfg = Release|Any CPU
		{B19C892E-2628-4CA7-AD27-08D406A3B14B}.Release|iPhone.Build.0 = Release|Any CPU
		{B19C892E-2628-4CA7-AD27-08D406A3B14B}.Ad-Hoc|iPhone.ActiveCfg = Debug|Any CPU
		{B19C892E-2628-4CA7-AD27-08D406A3B14B}.Ad-Hoc|iPhone.Build.0 = Debug|Any CPU
		{B19C892E-2628-4CA7-AD27-08D406A3B14B}.AppStore|iPhone.ActiveCfg = Debug|Any CPU
		{B19C892E-2628-4CA7-AD27-08D406A3B14B}.AppStore|iPhone.Build.0 = Debug|Any CPU
	EndGlobalSection
EndGlobal
